
Microsoft Visual Studio Solution File, Format Version 12.00
# Visual Studio Version 16
VisualStudioVersion = 16.0.29613.14
MinimumVisualStudioVersion = 10.0.40219.1
Project("{FAE04EC0-301F-11D3-BF4B-00C04F79EFBC}") = "GuiExampleWithImGui", "GuiExampleWithImGui\GuiExampleWithImGui.csproj", "{F95815A9-A537-4A8C-BADB-A8BE24EB3FB9}"
EndProject
Global
	GlobalSection(SolutionConfigurationPlatforms) = preSolution
		Debug|Any CPU = Debug|Any CPU
		Release|Any CPU = Release|Any CPU
	EndGlobalSection
	GlobalSection(ProjectConfigurationPlatforms) = postSolution
		{F95815A9-A537-4A8C-BADB-A8BE24EB3FB9}.Debug|Any CPU.ActiveCfg = Debug|Any CPU
		{F95815A9-A537-4A8C-BADB-A8BE24EB3FB9}.Debug|Any CPU.Build.0 = Debug|Any CPU
		{F95815A9-A537-4A8C-BADB-A8BE24EB3FB9}.Release|Any CPU.ActiveCfg = Release|Any CPU
		{F95815A9-A537-4A8C-BADB-A8BE24EB3FB9}.Release|Any CPU.Build.0 = Release|Any CPU
	EndGlobalSection
	GlobalSection(SolutionProperties) = preSolution
		HideSolutionNode = FALSE
	EndGlobalSection
	GlobalSection(ExtensibilityGlobals) = postSolution
		SolutionGuid = {375F7902-2FD0-440A-B265-CE4B46783951}
	EndGlobalSection
EndGlobal
